// !$*UTF8*$!
{
	archiveVersion = 1;
	classes = {
	};
	objectVersion = 50;
	objects = {

/* Begin PBXBuildFile section */
		9A2A95CF225852C800D4BA49 /* FoodListVC.swift in Sources */ = {isa = PBXBuildFile; fileRef = 9A2A95CE225852C800D4BA49 /* FoodListVC.swift */; };
		9A2A95D1225852E300D4BA49 /* FoodDetailVC.swift in Sources */ = {isa = PBXBuildFile; fileRef = 9A2A95D0225852E300D4BA49 /* FoodDetailVC.swift */; };
		9A2A95D32258542E00D4BA49 /* FoodListCell.swift in Sources */ = {isa = PBXBuildFile; fileRef = 9A2A95D22258542E00D4BA49 /* FoodListCell.swift */; };
		9A2A95D62258A63E00D4BA49 /* BaseViewController.swift in Sources */ = {isa = PBXBuildFile; fileRef = 9A2A95D52258A63E00D4BA49 /* BaseViewController.swift */; };
		9A2A95DA2258DFCE00D4BA49 /* SettingVC.swift in Sources */ = {isa = PBXBuildFile; fileRef = 9A2A95D72258DFCE00D4BA49 /* SettingVC.swift */; };
		9A2A95DB2258DFCE00D4BA49 /* LanguageVC.swift in Sources */ = {isa = PBXBuildFile; fileRef = 9A2A95D82258DFCE00D4BA49 /* LanguageVC.swift */; };
		9A2A95DC2258DFCE00D4BA49 /* AboutAppVC.swift in Sources */ = {isa = PBXBuildFile; fileRef = 9A2A95D92258DFCE00D4BA49 /* AboutAppVC.swift */; };
		9A2A95DE2258FC2B00D4BA49 /* FoodOrderVC.swift in Sources */ = {isa = PBXBuildFile; fileRef = 9A2A95DD2258FC2B00D4BA49 /* FoodOrderVC.swift */; };
		9A2A95E02259A68000D4BA49 /* ProfileVC.swift in Sources */ = {isa = PBXBuildFile; fileRef = 9A2A95DF2259A68000D4BA49 /* ProfileVC.swift */; };
		9A2C10B5225B6B2A008EC78A /* RestaurantMenu.swift in Sources */ = {isa = PBXBuildFile; fileRef = 9A2C10B0225B6B29008EC78A /* RestaurantMenu.swift */; };
		9A2C10B6225B6B2A008EC78A /* MenuItem.swift in Sources */ = {isa = PBXBuildFile; fileRef = 9A2C10B2225B6B29008EC78A /* MenuItem.swift */; };
		9A2C10B7225B6B2A008EC78A /* RestaurantMap.swift in Sources */ = {isa = PBXBuildFile; fileRef = 9A2C10B3225B6B29008EC78A /* RestaurantMap.swift */; };
		9A2C10B8225B6B2A008EC78A /* RestaurantInfoView.swift in Sources */ = {isa = PBXBuildFile; fileRef = 9A2C10B4225B6B29008EC78A /* RestaurantInfoView.swift */; };
		9A715B54224E5AAE0047F15C /* AppDelegate.swift in Sources */ = {isa = PBXBuildFile; fileRef = 9A715B53224E5AAE0047F15C /* AppDelegate.swift */; };
		9A715B56224E5AAE0047F15C /* ViewController.swift in Sources */ = {isa = PBXBuildFile; fileRef = 9A715B55224E5AAE0047F15C /* ViewController.swift */; };
		9A715B59224E5AAE0047F15C /* Main.storyboard in Resources */ = {isa = PBXBuildFile; fileRef = 9A715B57224E5AAE0047F15C /* Main.storyboard */; };
		9A715B5B224E5AB00047F15C /* Assets.xcassets in Resources */ = {isa = PBXBuildFile; fileRef = 9A715B5A224E5AB00047F15C /* Assets.xcassets */; };
		9A715B5E224E5AB00047F15C /* LaunchScreen.storyboard in Resources */ = {isa = PBXBuildFile; fileRef = 9A715B5C224E5AB00047F15C /* LaunchScreen.storyboard */; };
		9A715B68224E5B320047F15C /* Helpers.swift in Sources */ = {isa = PBXBuildFile; fileRef = 9A715B67224E5B320047F15C /* Helpers.swift */; };
		9A715B74224E5CCE0047F15C /* Localizable.strings in Resources */ = {isa = PBXBuildFile; fileRef = 9A715B76224E5CCE0047F15C /* Localizable.strings */; };
		9A715B79224E5D1C0047F15C /* HomeVC.swift in Sources */ = {isa = PBXBuildFile; fileRef = 9A715B78224E5D1C0047F15C /* HomeVC.swift */; };
		9AEC5EF42259BAA0003EF2FA /* ProfileEditVC.swift in Sources */ = {isa = PBXBuildFile; fileRef = 9AEC5EF32259BAA0003EF2FA /* ProfileEditVC.swift */; };
		9AEC5EF9225AF71E003EF2FA /* StorageHelper.swift in Sources */ = {isa = PBXBuildFile; fileRef = 9AEC5EF8225AF71E003EF2FA /* StorageHelper.swift */; };
		A51E234068B1F6089FC71D81 /* Pods_ios_restaurant.framework in Frameworks */ = {isa = PBXBuildFile; fileRef = D3F4A9D4C94E13E08157DDC9 /* Pods_ios_restaurant.framework */; };
		C436154A225978E300CAD923 /* MainTableViewCell.swift in Sources */ = {isa = PBXBuildFile; fileRef = C4361549225978E300CAD923 /* MainTableViewCell.swift */; };
		C436154C2259848F00CAD923 /* HorizontalCollectionViewCell.swift in Sources */ = {isa = PBXBuildFile; fileRef = C436154B2259848F00CAD923 /* HorizontalCollectionViewCell.swift */; };
		C4A72CD82260B38E00F32D2C /* LoginVC.swift in Sources */ = {isa = PBXBuildFile; fileRef = C4A72CD72260B38E00F32D2C /* LoginVC.swift */; };
		C4B90BD32254CC52007E2642 /* MainVC.swift in Sources */ = {isa = PBXBuildFile; fileRef = C4B90BD22254CC52007E2642 /* MainVC.swift */; };
		C4DB23B8225CF04600BBE9AF /* SearchVC.swift in Sources */ = {isa = PBXBuildFile; fileRef = C4DB23B7225CF04600BBE9AF /* SearchVC.swift */; };
		C4EA0FD4225B137700173297 /* VerticalCollectionViewCell.swift in Sources */ = {isa = PBXBuildFile; fileRef = C4EA0FD3225B137700173297 /* VerticalCollectionViewCell.swift */; };
/* End PBXBuildFile section */

/* Begin PBXFileReference section */
		0FD9237C9070D6BFD5D4D880 /* Pods-ios-restaurant.debug.xcconfig */ = {isa = PBXFileReference; includeInIndex = 1; lastKnownFileType = text.xcconfig; name = "Pods-ios-restaurant.debug.xcconfig"; path = "Pods/Target Support Files/Pods-ios-restaurant/Pods-ios-restaurant.debug.xcconfig"; sourceTree = "<group>"; };
		470D3E89A81385AE268CDDAC /* Pods-ios-restaurant.release.xcconfig */ = {isa = PBXFileReference; includeInIndex = 1; lastKnownFileType = text.xcconfig; name = "Pods-ios-restaurant.release.xcconfig"; path = "Pods/Target Support Files/Pods-ios-restaurant/Pods-ios-restaurant.release.xcconfig"; sourceTree = "<group>"; };
		9A2A95CE225852C800D4BA49 /* FoodListVC.swift */ = {isa = PBXFileReference; lastKnownFileType = sourcecode.swift; path = FoodListVC.swift; sourceTree = "<group>"; };
		9A2A95D0225852E300D4BA49 /* FoodDetailVC.swift */ = {isa = PBXFileReference; lastKnownFileType = sourcecode.swift; path = FoodDetailVC.swift; sourceTree = "<group>"; };
		9A2A95D22258542E00D4BA49 /* FoodListCell.swift */ = {isa = PBXFileReference; lastKnownFileType = sourcecode.swift; path = FoodListCell.swift; sourceTree = "<group>"; };
		9A2A95D52258A63E00D4BA49 /* BaseViewController.swift */ = {isa = PBXFileReference; lastKnownFileType = sourcecode.swift; path = BaseViewController.swift; sourceTree = "<group>"; };
		9A2A95D72258DFCE00D4BA49 /* SettingVC.swift */ = {isa = PBXFileReference; fileEncoding = 4; lastKnownFileType = sourcecode.swift; path = SettingVC.swift; sourceTree = "<group>"; };
		9A2A95D82258DFCE00D4BA49 /* LanguageVC.swift */ = {isa = PBXFileReference; fileEncoding = 4; lastKnownFileType = sourcecode.swift; path = LanguageVC.swift; sourceTree = "<group>"; };
		9A2A95D92258DFCE00D4BA49 /* AboutAppVC.swift */ = {isa = PBXFileReference; fileEncoding = 4; lastKnownFileType = sourcecode.swift; path = AboutAppVC.swift; sourceTree = "<group>"; };
		9A2A95DD2258FC2B00D4BA49 /* FoodOrderVC.swift */ = {isa = PBXFileReference; lastKnownFileType = sourcecode.swift; path = FoodOrderVC.swift; sourceTree = "<group>"; };
		9A2A95DF2259A68000D4BA49 /* ProfileVC.swift */ = {isa = PBXFileReference; lastKnownFileType = sourcecode.swift; path = ProfileVC.swift; sourceTree = "<group>"; };
		9A2C10B0225B6B29008EC78A /* RestaurantMenu.swift */ = {isa = PBXFileReference; fileEncoding = 4; lastKnownFileType = sourcecode.swift; path = RestaurantMenu.swift; sourceTree = "<group>"; };
		9A2C10B2225B6B29008EC78A /* MenuItem.swift */ = {isa = PBXFileReference; fileEncoding = 4; lastKnownFileType = sourcecode.swift; path = MenuItem.swift; sourceTree = "<group>"; };
		9A2C10B3225B6B29008EC78A /* RestaurantMap.swift */ = {isa = PBXFileReference; fileEncoding = 4; lastKnownFileType = sourcecode.swift; path = RestaurantMap.swift; sourceTree = "<group>"; };
		9A2C10B4225B6B29008EC78A /* RestaurantInfoView.swift */ = {isa = PBXFileReference; fileEncoding = 4; lastKnownFileType = sourcecode.swift; path = RestaurantInfoView.swift; sourceTree = "<group>"; };
		9A715B50224E5AAE0047F15C /* ios-restaurant.app */ = {isa = PBXFileReference; explicitFileType = wrapper.application; includeInIndex = 0; path = "ios-restaurant.app"; sourceTree = BUILT_PRODUCTS_DIR; };
		9A715B53224E5AAE0047F15C /* AppDelegate.swift */ = {isa = PBXFileReference; lastKnownFileType = sourcecode.swift; path = AppDelegate.swift; sourceTree = "<group>"; };
		9A715B55224E5AAE0047F15C /* ViewController.swift */ = {isa = PBXFileReference; lastKnownFileType = sourcecode.swift; path = ViewController.swift; sourceTree = "<group>"; };
		9A715B58224E5AAE0047F15C /* Base */ = {isa = PBXFileReference; lastKnownFileType = file.storyboard; name = Base; path = Base.lproj/Main.storyboard; sourceTree = "<group>"; };
		9A715B5A224E5AB00047F15C /* Assets.xcassets */ = {isa = PBXFileReference; lastKnownFileType = folder.assetcatalog; path = Assets.xcassets; sourceTree = "<group>"; };
		9A715B5D224E5AB00047F15C /* Base */ = {isa = PBXFileReference; lastKnownFileType = file.storyboard; name = Base; path = Base.lproj/LaunchScreen.storyboard; sourceTree = "<group>"; };
		9A715B5F224E5AB00047F15C /* Info.plist */ = {isa = PBXFileReference; lastKnownFileType = text.plist.xml; path = Info.plist; sourceTree = "<group>"; };
		9A715B67224E5B320047F15C /* Helpers.swift */ = {isa = PBXFileReference; lastKnownFileType = sourcecode.swift; path = Helpers.swift; sourceTree = "<group>"; };
		9A715B70224E5C8F0047F15C /* zh-HK */ = {isa = PBXFileReference; lastKnownFileType = text.plist.strings; name = "zh-HK"; path = "zh-HK.lproj/Main.strings"; sourceTree = "<group>"; };
		9A715B71224E5C8F0047F15C /* zh-HK */ = {isa = PBXFileReference; lastKnownFileType = text.plist.strings; name = "zh-HK"; path = "zh-HK.lproj/LaunchScreen.strings"; sourceTree = "<group>"; };
		9A715B75224E5CCE0047F15C /* en */ = {isa = PBXFileReference; lastKnownFileType = text.plist.strings; name = en; path = en.lproj/Localizable.strings; sourceTree = "<group>"; };
		9A715B77224E5CD00047F15C /* zh-HK */ = {isa = PBXFileReference; lastKnownFileType = text.plist.strings; name = "zh-HK"; path = "zh-HK.lproj/Localizable.strings"; sourceTree = "<group>"; };
		9A715B78224E5D1C0047F15C /* HomeVC.swift */ = {isa = PBXFileReference; lastKnownFileType = sourcecode.swift; path = HomeVC.swift; sourceTree = "<group>"; };
		9AEC5EF32259BAA0003EF2FA /* ProfileEditVC.swift */ = {isa = PBXFileReference; lastKnownFileType = sourcecode.swift; path = ProfileEditVC.swift; sourceTree = "<group>"; };
		9AEC5EF8225AF71E003EF2FA /* StorageHelper.swift */ = {isa = PBXFileReference; lastKnownFileType = sourcecode.swift; path = StorageHelper.swift; sourceTree = "<group>"; };
		C4361549225978E300CAD923 /* MainTableViewCell.swift */ = {isa = PBXFileReference; lastKnownFileType = sourcecode.swift; path = MainTableViewCell.swift; sourceTree = "<group>"; };
		C436154B2259848F00CAD923 /* HorizontalCollectionViewCell.swift */ = {isa = PBXFileReference; lastKnownFileType = sourcecode.swift; path = HorizontalCollectionViewCell.swift; sourceTree = "<group>"; };
		C4A72CD72260B38E00F32D2C /* LoginVC.swift */ = {isa = PBXFileReference; fileEncoding = 4; lastKnownFileType = sourcecode.swift; path = LoginVC.swift; sourceTree = "<group>"; };
		C4B90BD22254CC52007E2642 /* MainVC.swift */ = {isa = PBXFileReference; lastKnownFileType = sourcecode.swift; path = MainVC.swift; sourceTree = "<group>"; };
		C4DB23B7225CF04600BBE9AF /* SearchVC.swift */ = {isa = PBXFileReference; lastKnownFileType = sourcecode.swift; path = SearchVC.swift; sourceTree = "<group>"; };
		C4EA0FD3225B137700173297 /* VerticalCollectionViewCell.swift */ = {isa = PBXFileReference; lastKnownFileType = sourcecode.swift; path = VerticalCollectionViewCell.swift; sourceTree = "<group>"; };
		D3F4A9D4C94E13E08157DDC9 /* Pods_ios_restaurant.framework */ = {isa = PBXFileReference; explicitFileType = wrapper.framework; includeInIndex = 0; path = Pods_ios_restaurant.framework; sourceTree = BUILT_PRODUCTS_DIR; };
/* End PBXFileReference section */

/* Begin PBXFrameworksBuildPhase section */
		9A715B4D224E5AAD0047F15C /* Frameworks */ = {
			isa = PBXFrameworksBuildPhase;
			buildActionMask = 2147483647;
			files = (
				A51E234068B1F6089FC71D81 /* Pods_ios_restaurant.framework in Frameworks */,
			);
			runOnlyForDeploymentPostprocessing = 0;
		};
/* End PBXFrameworksBuildPhase section */

/* Begin PBXGroup section */
		2BCB4B8F3898DBAF2F4B1087 /* Pods */ = {
			isa = PBXGroup;
			children = (
				0FD9237C9070D6BFD5D4D880 /* Pods-ios-restaurant.debug.xcconfig */,
				470D3E89A81385AE268CDDAC /* Pods-ios-restaurant.release.xcconfig */,
			);
			name = Pods;
			sourceTree = "<group>";
		};
		9A2A95D42258A5B800D4BA49 /* BaseClass */ = {
			isa = PBXGroup;
			children = (
				9A2A95D52258A63E00D4BA49 /* BaseViewController.swift */,
			);
			path = BaseClass;
			sourceTree = "<group>";
		};
		9A2C10AE225B6B29008EC78A /* Restaurant */ = {
			isa = PBXGroup;
			children = (
				9A2C10AF225B6B29008EC78A /* VCs */,
				9A2C10B1225B6B29008EC78A /* Views */,
			);
			path = Restaurant;
			sourceTree = "<group>";
		};
		9A2C10AF225B6B29008EC78A /* VCs */ = {
			isa = PBXGroup;
			children = (
				9A2C10B0225B6B29008EC78A /* RestaurantMenu.swift */,
			);
			path = VCs;
			sourceTree = "<group>";
		};
		9A2C10B1225B6B29008EC78A /* Views */ = {
			isa = PBXGroup;
			children = (
				9A2C10B2225B6B29008EC78A /* MenuItem.swift */,
				9A2C10B3225B6B29008EC78A /* RestaurantMap.swift */,
				9A2C10B4225B6B29008EC78A /* RestaurantInfoView.swift */,
			);
			path = Views;
			sourceTree = "<group>";
		};
		9A715B47224E5AAD0047F15C = {
			isa = PBXGroup;
			children = (
				9A715B52224E5AAE0047F15C /* ios-restaurant */,
				9A715B51224E5AAE0047F15C /* Products */,
				2BCB4B8F3898DBAF2F4B1087 /* Pods */,
				D982D44F9729EECA79148B50 /* Frameworks */,
			);
			sourceTree = "<group>";
		};
		9A715B51224E5AAE0047F15C /* Products */ = {
			isa = PBXGroup;
			children = (
				9A715B50224E5AAE0047F15C /* ios-restaurant.app */,
			);
			name = Products;
			sourceTree = "<group>";
		};
		9A715B52224E5AAE0047F15C /* ios-restaurant */ = {
			isa = PBXGroup;
			children = (
				9A715B66224E5AF30047F15C /* Helpers */,
				9A715B65224E5AD80047F15C /* Modules */,
				9A715B53224E5AAE0047F15C /* AppDelegate.swift */,
				9A715B55224E5AAE0047F15C /* ViewController.swift */,
				9A715B57224E5AAE0047F15C /* Main.storyboard */,
				9A715B5A224E5AB00047F15C /* Assets.xcassets */,
				9A715B5C224E5AB00047F15C /* LaunchScreen.storyboard */,
				9A715B5F224E5AB00047F15C /* Info.plist */,
			);
			path = "ios-restaurant";
			sourceTree = "<group>";
		};
		9A715B65224E5AD80047F15C /* Modules */ = {
			isa = PBXGroup;
			children = (
				C4DB23B6225CF01700BBE9AF /* Search */,
				9A2C10AE225B6B29008EC78A /* Restaurant */,
				9A2A95D42258A5B800D4BA49 /* BaseClass */,
				C4B90BD12254CC2C007E2642 /* Main */,
				9A715B6F224E5C580047F15C /* Home */,
				9A715B6E224E5C500047F15C /* Profile */,
				9A715B6D224E5C460047F15C /* Launch */,
				9A715B6C224E5C2F0047F15C /* Food */,
				9A715B6B224E5C280047F15C /* Setting */,
				9A715B6A224E5C220047F15C /* Login */,
				9A715B69224E5BDA0047F15C /* Localizable */,
			);
			path = Modules;
			sourceTree = "<group>";
		};
		9A715B66224E5AF30047F15C /* Helpers */ = {
			isa = PBXGroup;
			children = (
				9A715B67224E5B320047F15C /* Helpers.swift */,
				9AEC5EF8225AF71E003EF2FA /* StorageHelper.swift */,
			);
			path = Helpers;
			sourceTree = "<group>";
		};
		9A715B69224E5BDA0047F15C /* Localizable */ = {
			isa = PBXGroup;
			children = (
				9A715B76224E5CCE0047F15C /* Localizable.strings */,
			);
			path = Localizable;
			sourceTree = "<group>";
		};
		9A715B6A224E5C220047F15C /* Login */ = {
			isa = PBXGroup;
			children = (
				C4A72CD62260B38E00F32D2C /* VCs */,
			);
			path = Login;
			sourceTree = "<group>";
		};
		9A715B6B224E5C280047F15C /* Setting */ = {
			isa = PBXGroup;
			children = (
				9A2A95D92258DFCE00D4BA49 /* AboutAppVC.swift */,
				9A2A95D82258DFCE00D4BA49 /* LanguageVC.swift */,
				9A2A95D72258DFCE00D4BA49 /* SettingVC.swift */,
			);
			path = Setting;
			sourceTree = "<group>";
		};
		9A715B6C224E5C2F0047F15C /* Food */ = {
			isa = PBXGroup;
			children = (
				9A2A95CE225852C800D4BA49 /* FoodListVC.swift */,
				9A2A95D0225852E300D4BA49 /* FoodDetailVC.swift */,
				9A2A95D22258542E00D4BA49 /* FoodListCell.swift */,
				9A2A95DD2258FC2B00D4BA49 /* FoodOrderVC.swift */,
			);
			path = Food;
			sourceTree = "<group>";
		};
		9A715B6D224E5C460047F15C /* Launch */ = {
			isa = PBXGroup;
			children = (
			);
			path = Launch;
			sourceTree = "<group>";
		};
		9A715B6E224E5C500047F15C /* Profile */ = {
			isa = PBXGroup;
			children = (
				9A2A95DF2259A68000D4BA49 /* ProfileVC.swift */,
				9AEC5EF32259BAA0003EF2FA /* ProfileEditVC.swift */,
			);
			path = Profile;
			sourceTree = "<group>";
		};
		9A715B6F224E5C580047F15C /* Home */ = {
			isa = PBXGroup;
			children = (
				9A715B78224E5D1C0047F15C /* HomeVC.swift */,
			);
			path = Home;
			sourceTree = "<group>";
		};
		C438658D2257FAB500695652 /* Views */ = {
			isa = PBXGroup;
			children = (
				C4361549225978E300CAD923 /* MainTableViewCell.swift */,
				C436154B2259848F00CAD923 /* HorizontalCollectionViewCell.swift */,
				C4EA0FD3225B137700173297 /* VerticalCollectionViewCell.swift */,
			);
			path = Views;
			sourceTree = "<group>";
		};
		C4A72CD62260B38E00F32D2C /* VCs */ = {
			isa = PBXGroup;
			children = (
				C4A72CD72260B38E00F32D2C /* LoginVC.swift */,
			);
			path = VCs;
			sourceTree = "<group>";
		};
		C4B90BD12254CC2C007E2642 /* Main */ = {
			isa = PBXGroup;
			children = (
				C438658D2257FAB500695652 /* Views */,
				C4B90BD22254CC52007E2642 /* MainVC.swift */,
			);
			path = Main;
			sourceTree = "<group>";
		};
		C4DB23B6225CF01700BBE9AF /* Search */ = {
			isa = PBXGroup;
			children = (
				C4DB23B7225CF04600BBE9AF /* SearchVC.swift */,
			);
			path = Search;
			sourceTree = "<group>";
		};
		D982D44F9729EECA79148B50 /* Frameworks */ = {
			isa = PBXGroup;
			children = (
				D3F4A9D4C94E13E08157DDC9 /* Pods_ios_restaurant.framework */,
			);
			name = Frameworks;
			sourceTree = "<group>";
		};
/* End PBXGroup section */

/* Begin PBXNativeTarget section */
		9A715B4F224E5AAD0047F15C /* ios-restaurant */ = {
			isa = PBXNativeTarget;
			buildConfigurationList = 9A715B62224E5AB00047F15C /* Build configuration list for PBXNativeTarget "ios-restaurant" */;
			buildPhases = (
				7400FC794159FE9FE65E4BFE /* [CP] Check Pods Manifest.lock */,
				9A715B4C224E5AAD0047F15C /* Sources */,
				9A715B4D224E5AAD0047F15C /* Frameworks */,
				9A715B4E224E5AAD0047F15C /* Resources */,
				37147C42E7C1E5FD6A5433BE /* [CP] Embed Pods Frameworks */,
			);
			buildRules = (
			);
			dependencies = (
			);
			name = "ios-restaurant";
			productName = "ios-restaurant";
			productReference = 9A715B50224E5AAE0047F15C /* ios-restaurant.app */;
			productType = "com.apple.product-type.application";
		};
/* End PBXNativeTarget section */

/* Begin PBXProject section */
		9A715B48224E5AAD0047F15C /* Project object */ = {
			isa = PBXProject;
			attributes = {
				LastSwiftUpdateCheck = 1020;
				LastUpgradeCheck = 1020;
				ORGANIZATIONNAME = Hugo;
				TargetAttributes = {
					9A715B4F224E5AAD0047F15C = {
						CreatedOnToolsVersion = 10.2;
					};
				};
			};
			buildConfigurationList = 9A715B4B224E5AAD0047F15C /* Build configuration list for PBXProject "ios-restaurant" */;
			compatibilityVersion = "Xcode 9.3";
			developmentRegion = en;
			hasScannedForEncodings = 0;
			knownRegions = (
				en,
				Base,
				"zh-HK",
			);
			mainGroup = 9A715B47224E5AAD0047F15C;
			productRefGroup = 9A715B51224E5AAE0047F15C /* Products */;
			projectDirPath = "";
			projectRoot = "";
			targets = (
				9A715B4F224E5AAD0047F15C /* ios-restaurant */,
			);
		};
/* End PBXProject section */

/* Begin PBXResourcesBuildPhase section */
		9A715B4E224E5AAD0047F15C /* Resources */ = {
			isa = PBXResourcesBuildPhase;
			buildActionMask = 2147483647;
			files = (
				9A715B5E224E5AB00047F15C /* LaunchScreen.storyboard in Resources */,
				9A715B74224E5CCE0047F15C /* Localizable.strings in Resources */,
				9A715B5B224E5AB00047F15C /* Assets.xcassets in Resources */,
				9A715B59224E5AAE0047F15C /* Main.storyboard in Resources */,
			);
			runOnlyForDeploymentPostprocessing = 0;
		};
/* End PBXResourcesBuildPhase section */

/* Begin PBXShellScriptBuildPhase section */
		37147C42E7C1E5FD6A5433BE /* [CP] Embed Pods Frameworks */ = {
			isa = PBXShellScriptBuildPhase;
			buildActionMask = 2147483647;
			files = (
			);
			inputFileListPaths = (
			);
			inputPaths = (
				"${PODS_ROOT}/Target Support Files/Pods-ios-restaurant/Pods-ios-restaurant-frameworks.sh",
				"${BUILT_PRODUCTS_DIR}/ImageSlideshow/ImageSlideshow.framework",
				"${BUILT_PRODUCTS_DIR}/Onboard/Onboard.framework",
				"${BUILT_PRODUCTS_DIR}/ReactiveCocoa/ReactiveCocoa.framework",
				"${BUILT_PRODUCTS_DIR}/ReactiveSwift/ReactiveSwift.framework",
				"${BUILT_PRODUCTS_DIR}/Result/Result.framework",
				"${BUILT_PRODUCTS_DIR}/SnapKit/SnapKit.framework",
			);
			name = "[CP] Embed Pods Frameworks";
			outputFileListPaths = (
			);
			outputPaths = (
				"${TARGET_BUILD_DIR}/${FRAMEWORKS_FOLDER_PATH}/ImageSlideshow.framework",
				"${TARGET_BUILD_DIR}/${FRAMEWORKS_FOLDER_PATH}/Onboard.framework",
				"${TARGET_BUILD_DIR}/${FRAMEWORKS_FOLDER_PATH}/ReactiveCocoa.framework",
				"${TARGET_BUILD_DIR}/${FRAMEWORKS_FOLDER_PATH}/ReactiveSwift.framework",
				"${TARGET_BUILD_DIR}/${FRAMEWORKS_FOLDER_PATH}/Result.framework",
				"${TARGET_BUILD_DIR}/${FRAMEWORKS_FOLDER_PATH}/SnapKit.framework",
			);
			runOnlyForDeploymentPostprocessing = 0;
			shellPath = /bin/sh;
			shellScript = "\"${PODS_ROOT}/Target Support Files/Pods-ios-restaurant/Pods-ios-restaurant-frameworks.sh\"\n";
			showEnvVarsInLog = 0;
		};
		7400FC794159FE9FE65E4BFE /* [CP] Check Pods Manifest.lock */ = {
			isa = PBXShellScriptBuildPhase;
			buildActionMask = 2147483647;
			files = (
			);
			inputFileListPaths = (
			);
			inputPaths = (
				"${PODS_PODFILE_DIR_PATH}/Podfile.lock",
				"${PODS_ROOT}/Manifest.lock",
			);
			name = "[CP] Check Pods Manifest.lock";
			outputFileListPaths = (
			);
			outputPaths = (
				"$(DERIVED_FILE_DIR)/Pods-ios-restaurant-checkManifestLockResult.txt",
			);
			runOnlyForDeploymentPostprocessing = 0;
			shellPath = /bin/sh;
			shellScript = "diff \"${PODS_PODFILE_DIR_PATH}/Podfile.lock\" \"${PODS_ROOT}/Manifest.lock\" > /dev/null\nif [ $? != 0 ] ; then\n    # print error to STDERR\n    echo \"error: The sandbox is not in sync with the Podfile.lock. Run 'pod install' or update your CocoaPods installation.\" >&2\n    exit 1\nfi\n# This output is used by Xcode 'outputs' to avoid re-running this script phase.\necho \"SUCCESS\" > \"${SCRIPT_OUTPUT_FILE_0}\"\n";
			showEnvVarsInLog = 0;
		};
/* End PBXShellScriptBuildPhase section */

/* Begin PBXSourcesBuildPhase section */
		9A715B4C224E5AAD0047F15C /* Sources */ = {
			isa = PBXSourcesBuildPhase;
			buildActionMask = 2147483647;
			files = (
				C4DB23B8225CF04600BBE9AF /* SearchVC.swift in Sources */,
				9A2C10B6225B6B2A008EC78A /* MenuItem.swift in Sources */,
				9A2A95DB2258DFCE00D4BA49 /* LanguageVC.swift in Sources */,
				9A2C10B8225B6B2A008EC78A /* RestaurantInfoView.swift in Sources */,
				9A2A95DE2258FC2B00D4BA49 /* FoodOrderVC.swift in Sources */,
				C4EA0FD4225B137700173297 /* VerticalCollectionViewCell.swift in Sources */,
				9A715B56224E5AAE0047F15C /* ViewController.swift in Sources */,
				9A2A95DA2258DFCE00D4BA49 /* SettingVC.swift in Sources */,
				9A2A95CF225852C800D4BA49 /* FoodListVC.swift in Sources */,
				C4A72CD82260B38E00F32D2C /* LoginVC.swift in Sources */,
				9A2A95D32258542E00D4BA49 /* FoodListCell.swift in Sources */,
				9AEC5EF42259BAA0003EF2FA /* ProfileEditVC.swift in Sources */,
				9A2A95DC2258DFCE00D4BA49 /* AboutAppVC.swift in Sources */,
				C4B90BD32254CC52007E2642 /* MainVC.swift in Sources */,
				9A715B79224E5D1C0047F15C /* HomeVC.swift in Sources */,
				9A2A95E02259A68000D4BA49 /* ProfileVC.swift in Sources */,
				9A2A95D1225852E300D4BA49 /* FoodDetailVC.swift in Sources */,
				9A2A95D62258A63E00D4BA49 /* BaseViewController.swift in Sources */,
				9A715B68224E5B320047F15C /* Helpers.swift in Sources */,
				C436154A225978E300CAD923 /* MainTableViewCell.swift in Sources */,
				C436154C2259848F00CAD923 /* HorizontalCollectionViewCell.swift in Sources */,
				9A2C10B5225B6B2A008EC78A /* RestaurantMenu.swift in Sources */,
				9A2C10B7225B6B2A008EC78A /* RestaurantMap.swift in Sources */,
				9A715B54224E5AAE0047F15C /* AppDelegate.swift in Sources */,
				9AEC5EF9225AF71E003EF2FA /* StorageHelper.swift in Sources */,
			);
			runOnlyForDeploymentPostprocessing = 0;
		};
/* End PBXSourcesBuildPhase section */

/* Begin PBXVariantGroup section */
		9A715B57224E5AAE0047F15C /* Main.storyboard */ = {
			isa = PBXVariantGroup;
			children = (
				9A715B58224E5AAE0047F15C /* Base */,
				9A715B70224E5C8F0047F15C /* zh-HK */,
			);
			name = Main.storyboard;
			sourceTree = "<group>";
		};
		9A715B5C224E5AB00047F15C /* LaunchScreen.storyboard */ = {
			isa = PBXVariantGroup;
			children = (
				9A715B5D224E5AB00047F15C /* Base */,
				9A715B71224E5C8F0047F15C /* zh-HK */,
			);
			name = LaunchScreen.storyboard;
			sourceTree = "<group>";
		};
		9A715B76224E5CCE0047F15C /* Localizable.strings */ = {
			isa = PBXVariantGroup;
			children = (
				9A715B75224E5CCE0047F15C /* en */,
				9A715B77224E5CD00047F15C /* zh-HK */,
			);
			name = Localizable.strings;
			sourceTree = "<group>";
		};
/* End PBXVariantGroup section */

/* Begin XCBuildConfiguration section */
		9A715B60224E5AB00047F15C /* Debug */ = {
			isa = XCBuildConfiguration;
			buildSettings = {
				ALWAYS_SEARCH_USER_PATHS = NO;
				CLANG_ANALYZER_LOCALIZABILITY_NONLOCALIZED = YES;
				CLANG_ANALYZER_NONNULL = YES;
				CLANG_ANALYZER_NUMBER_OBJECT_CONVERSION = YES_AGGRESSIVE;
				CLANG_CXX_LANGUAGE_STANDARD = "gnu++14";
				CLANG_CXX_LIBRARY = "libc++";
				CLANG_ENABLE_MODULES = YES;
				CLANG_ENABLE_OBJC_ARC = YES;
				CLANG_ENABLE_OBJC_WEAK = YES;
				CLANG_WARN_BLOCK_CAPTURE_AUTORELEASING = YES;
				CLANG_WARN_BOOL_CONVERSION = YES;
				CLANG_WARN_COMMA = YES;
				CLANG_WARN_CONSTANT_CONVERSION = YES;
				CLANG_WARN_DEPRECATED_OBJC_IMPLEMENTATIONS = YES;
				CLANG_WARN_DIRECT_OBJC_ISA_USAGE = YES_ERROR;
				CLANG_WARN_DOCUMENTATION_COMMENTS = YES;
				CLANG_WARN_EMPTY_BODY = YES;
				CLANG_WARN_ENUM_CONVERSION = YES;
				CLANG_WARN_INFINITE_RECURSION = YES;
				CLANG_WARN_INT_CONVERSION = YES;
				CLANG_WARN_NON_LITERAL_NULL_CONVERSION = YES;
				CLANG_WARN_OBJC_IMPLICIT_RETAIN_SELF = YES;
				CLANG_WARN_OBJC_LITERAL_CONVERSION = YES;
				CLANG_WARN_OBJC_ROOT_CLASS = YES_ERROR;
				CLANG_WARN_RANGE_LOOP_ANALYSIS = YES;
				CLANG_WARN_STRICT_PROTOTYPES = YES;
				CLANG_WARN_SUSPICIOUS_MOVE = YES;
				CLANG_WARN_UNGUARDED_AVAILABILITY = YES_AGGRESSIVE;
				CLANG_WARN_UNREACHABLE_CODE = YES;
				CLANG_WARN__DUPLICATE_METHOD_MATCH = YES;
				CODE_SIGN_IDENTITY = "iPhone Developer";
				COPY_PHASE_STRIP = NO;
				DEBUG_INFORMATION_FORMAT = dwarf;
				ENABLE_STRICT_OBJC_MSGSEND = YES;
				ENABLE_TESTABILITY = YES;
				GCC_C_LANGUAGE_STANDARD = gnu11;
				GCC_DYNAMIC_NO_PIC = NO;
				GCC_NO_COMMON_BLOCKS = YES;
				GCC_OPTIMIZATION_LEVEL = 0;
				GCC_PREPROCESSOR_DEFINITIONS = (
					"DEBUG=1",
					"$(inherited)",
				);
				GCC_WARN_64_TO_32_BIT_CONVERSION = YES;
				GCC_WARN_ABOUT_RETURN_TYPE = YES_ERROR;
				GCC_WARN_UNDECLARED_SELECTOR = YES;
				GCC_WARN_UNINITIALIZED_AUTOS = YES_AGGRESSIVE;
				GCC_WARN_UNUSED_FUNCTION = YES;
				GCC_WARN_UNUSED_VARIABLE = YES;
				IPHONEOS_DEPLOYMENT_TARGET = 12.0;
				MTL_ENABLE_DEBUG_INFO = INCLUDE_SOURCE;
				MTL_FAST_MATH = YES;
				ONLY_ACTIVE_ARCH = YES;
				SDKROOT = iphoneos;
				SWIFT_ACTIVE_COMPILATION_CONDITIONS = DEBUG;
				SWIFT_OPTIMIZATION_LEVEL = "-Onone";
				SWIFT_VERSION = 4.2;
			};
			name = Debug;
		};
		9A715B61224E5AB00047F15C /* Release */ = {
			isa = XCBuildConfiguration;
			buildSettings = {
				ALWAYS_SEARCH_USER_PATHS = NO;
				CLANG_ANALYZER_LOCALIZABILITY_NONLOCALIZED = YES;
				CLANG_ANALYZER_NONNULL = YES;
				CLANG_ANALYZER_NUMBER_OBJECT_CONVERSION = YES_AGGRESSIVE;
				CLANG_CXX_LANGUAGE_STANDARD = "gnu++14";
				CLANG_CXX_LIBRARY = "libc++";
				CLANG_ENABLE_MODULES = YES;
				CLANG_ENABLE_OBJC_ARC = YES;
				CLANG_ENABLE_OBJC_WEAK = YES;
				CLANG_WARN_BLOCK_CAPTURE_AUTORELEASING = YES;
				CLANG_WARN_BOOL_CONVERSION = YES;
				CLANG_WARN_COMMA = YES;
				CLANG_WARN_CONSTANT_CONVERSION = YES;
				CLANG_WARN_DEPRECATED_OBJC_IMPLEMENTATIONS = YES;
				CLANG_WARN_DIRECT_OBJC_ISA_USAGE = YES_ERROR;
				CLANG_WARN_DOCUMENTATION_COMMENTS = YES;
				CLANG_WARN_EMPTY_BODY = YES;
				CLANG_WARN_ENUM_CONVERSION = YES;
				CLANG_WARN_INFINITE_RECURSION = YES;
				CLANG_WARN_INT_CONVERSION = YES;
				CLANG_WARN_NON_LITERAL_NULL_CONVERSION = YES;
				CLANG_WARN_OBJC_IMPLICIT_RETAIN_SELF = YES;
				CLANG_WARN_OBJC_LITERAL_CONVERSION = YES;
				CLANG_WARN_OBJC_ROOT_CLASS = YES_ERROR;
				CLANG_WARN_RANGE_LOOP_ANALYSIS = YES;
				CLANG_WARN_STRICT_PROTOTYPES = YES;
				CLANG_WARN_SUSPICIOUS_MOVE = YES;
				CLANG_WARN_UNGUARDED_AVAILABILITY = YES_AGGRESSIVE;
				CLANG_WARN_UNREACHABLE_CODE = YES;
				CLANG_WARN__DUPLICATE_METHOD_MATCH = YES;
				CODE_SIGN_IDENTITY = "iPhone Developer";
				COPY_PHASE_STRIP = NO;
				DEBUG_INFORMATION_FORMAT = "dwarf-with-dsym";
				ENABLE_NS_ASSERTIONS = NO;
				ENABLE_STRICT_OBJC_MSGSEND = YES;
				GCC_C_LANGUAGE_STANDARD = gnu11;
				GCC_NO_COMMON_BLOCKS = YES;
				GCC_WARN_64_TO_32_BIT_CONVERSION = YES;
				GCC_WARN_ABOUT_RETURN_TYPE = YES_ERROR;
				GCC_WARN_UNDECLARED_SELECTOR = YES;
				GCC_WARN_UNINITIALIZED_AUTOS = YES_AGGRESSIVE;
				GCC_WARN_UNUSED_FUNCTION = YES;
				GCC_WARN_UNUSED_VARIABLE = YES;
				IPHONEOS_DEPLOYMENT_TARGET = 12.0;
				MTL_ENABLE_DEBUG_INFO = NO;
				MTL_FAST_MATH = YES;
				SDKROOT = iphoneos;
				SWIFT_COMPILATION_MODE = wholemodule;
				SWIFT_OPTIMIZATION_LEVEL = "-O";
				SWIFT_VERSION = 4.2;
				VALIDATE_PRODUCT = YES;
			};
			name = Release;
		};
		9A715B63224E5AB00047F15C /* Debug */ = {
			isa = XCBuildConfiguration;
			baseConfigurationReference = 0FD9237C9070D6BFD5D4D880 /* Pods-ios-restaurant.debug.xcconfig */;
			buildSettings = {
				ASSETCATALOG_COMPILER_APPICON_NAME = AppIcon;
				CODE_SIGN_STYLE = Automatic;
				DEVELOPMENT_TEAM = 3U7NJDGYR6;
				INFOPLIST_FILE = "ios-restaurant/Info.plist";
				LD_RUNPATH_SEARCH_PATHS = (
					"$(inherited)",
					"@executable_path/Frameworks",
				);
				PRODUCT_BUNDLE_IDENTIFIER = com.os.restaurant;
				PRODUCT_NAME = "$(TARGET_NAME)";
				SWIFT_VERSION = 4.2;
				TARGETED_DEVICE_FAMILY = "1,2";
			};
			name = Debug;
		};
		9A715B64224E5AB00047F15C /* Release */ = {
			isa = XCBuildConfiguration;
			baseConfigurationReference = 470D3E89A81385AE268CDDAC /* Pods-ios-restaurant.release.xcconfig */;
			buildSettings = {
				ASSETCATALOG_COMPILER_APPICON_NAME = AppIcon;
				CODE_SIGN_STYLE = Automatic;
				DEVELOPMENT_TEAM = 3U7NJDGYR6;
				INFOPLIST_FILE = "ios-restaurant/Info.plist";
				LD_RUNPATH_SEARCH_PATHS = (
					"$(inherited)",
					"@executable_path/Frameworks",
				);
				PRODUCT_BUNDLE_IDENTIFIER = com.os.restaurant;
				PRODUCT_NAME = "$(TARGET_NAME)";
				SWIFT_VERSION = 4.2;
				TARGETED_DEVICE_FAMILY = "1,2";
			};
			name = Release;
		};
/* End XCBuildConfiguration section */

/* Begin XCConfigurationList section */
		9A715B4B224E5AAD0047F15C /* Build configuration list for PBXProject "ios-restaurant" */ = {
			isa = XCConfigurationList;
			buildConfigurations = (
				9A715B60224E5AB00047F15C /* Debug */,
				9A715B61224E5AB00047F15C /* Release */,
			);
			defaultConfigurationIsVisible = 0;
			defaultConfigurationName = Release;
		};
		9A715B62224E5AB00047F15C /* Build configuration list for PBXNativeTarget "ios-restaurant" */ = {
			isa = XCConfigurationList;
			buildConfigurations = (
				9A715B63224E5AB00047F15C /* Debug */,
				9A715B64224E5AB00047F15C /* Release */,
			);
			defaultConfigurationIsVisible = 0;
			defaultConfigurationName = Release;
		};
/* End XCConfigurationList section */
	};
	rootObject = 9A715B48224E5AAD0047F15C /* Project object */;
}
